
Microsoft Visual Studio Solution File, Format Version 12.00
# Visual Studio Version 16
VisualStudioVersion = 16.0.30611.23
MinimumVisualStudioVersion = 10.0.40219.1
Project("{FAE04EC0-301F-11D3-BF4B-00C04F79EFBC}") = "ObywateleKhorinis", "ObywateleKhorinis\ObywateleKhorinis.csproj", "{D17EEBA0-F4A6-488A-916C-5BE5BB65B77B}"
EndProject
Global
	GlobalSection(SolutionConfigurationPlatforms) = preSolution
		Debug|Any CPU = Debug|Any CPU
		Release|Any CPU = Release|Any CPU
	EndGlobalSection
	GlobalSection(ProjectConfigurationPlatforms) = postSolution
		{D17EEBA0-F4A6-488A-916C-5BE5BB65B77B}.Debug|Any CPU.ActiveCfg = Debug|Any CPU
		{D17EEBA0-F4A6-488A-916C-5BE5BB65B77B}.Debug|Any CPU.Build.0 = Debug|Any CPU
		{D17EEBA0-F4A6-488A-916C-5BE5BB65B77B}.Release|Any CPU.ActiveCfg = Release|Any CPU
		{D17EEBA0-F4A6-488A-916C-5BE5BB65B77B}.Release|Any CPU.Build.0 = Release|Any CPU
	EndGlobalSection
	GlobalSection(SolutionProperties) = preSolution
		HideSolutionNode = FALSE
	EndGlobalSection
	GlobalSection(ExtensibilityGlobals) = postSolution
		SolutionGuid = {0A64F47F-D412-46BD-895B-DDFE864A9BB9}
	EndGlobalSection
EndGlobal
